
Microsoft Visual Studio Solution File, Format Version 12.00
# Visual Studio 14
VisualStudioVersion = 14.0.23107.0
MinimumVisualStudioVersion = 10.0.40219.1
Project("{8BC9CEB8-8B4A-11D0-8D11-00A0C91BC942}") = "Algorithms", "Algorithms\Algorithms.vcxproj", "{55CB1733-2780-4CFE-8B27-93B87852072B}"
EndProject
Project("{8BC9CEB8-8B4A-11D0-8D11-00A0C91BC942}") = "Patterns", "Patterns\Patterns.vcxproj", "{F7441101-928F-4BB0-A86B-6DDC0A62C2E6}"
EndProject
Global
	GlobalSection(SolutionConfigurationPlatforms) = preSolution
		Debug|x64 = Debug|x64
		Debug|x86 = Debug|x86
		Release|x64 = Release|x64
		Release|x86 = Release|x86
	EndGlobalSection
	GlobalSection(ProjectConfigurationPlatforms) = postSolution
		{55CB1733-2780-4CFE-8B27-93B87852072B}.Debug|x64.ActiveCfg = Debug|x64
		{55CB1733-2780-4CFE-8B27-93B87852072B}.Debug|x64.Build.0 = Debug|x64
		{55CB1733-2780-4CFE-8B27-93B87852072B}.Debug|x86.ActiveCfg = Debug|Win32
		{55CB1733-2780-4CFE-8B27-93B87852072B}.Debug|x86.Build.0 = Debug|Win32
		{55CB1733-2780-4CFE-8B27-93B87852072B}.Release|x64.ActiveCfg = Release|x64
		{55CB1733-2780-4CFE-8B27-93B87852072B}.Release|x64.Build.0 = Release|x64
		{55CB1733-2780-4CFE-8B27-93B87852072B}.Release|x86.ActiveCfg = Release|Win32
		{55CB1733-2780-4CFE-8B27-93B87852072B}.Release|x86.Build.0 = Release|Win32
		{F7441101-928F-4BB0-A86B-6DDC0A62C2E6}.Debug|x64.ActiveCfg = Debug|x64
		{F7441101-928F-4BB0-A86B-6DDC0A62C2E6}.Debug|x64.Build.0 = Debug|x64
		{F7441101-928F-4BB0-A86B-6DDC0A62C2E6}.Debug|x86.ActiveCfg = Debug|Win32
		{F7441101-928F-4BB0-A86B-6DDC0A62C2E6}.Debug|x86.Build.0 = Debug|Win32
		{F7441101-928F-4BB0-A86B-6DDC0A62C2E6}.Release|x64.ActiveCfg = Release|x64
		{F7441101-928F-4BB0-A86B-6DDC0A62C2E6}.Release|x64.Build.0 = Release|x64
		{F7441101-928F-4BB0-A86B-6DDC0A62C2E6}.Release|x86.ActiveCfg = Release|Win32
		{F7441101-928F-4BB0-A86B-6DDC0A62C2E6}.Release|x86.Build.0 = Release|Win32
	EndGlobalSection
	GlobalSection(SolutionProperties) = preSolution
		HideSolutionNode = FALSE
	EndGlobalSection
EndGlobal
